
Microsoft Visual Studio Solution File, Format Version 12.00
# Visual Studio Version 16
VisualStudioVersion = 16.0.30907.101
MinimumVisualStudioVersion = 10.0.40219.1
Project("{FAE04EC0-301F-11D3-BF4B-00C04F79EFBC}") = "TextMatch", "TextMatch\TextMatch.csproj", "{7AAC1F30-34B7-49EF-8DE6-4C75420FA505}"
EndProject
Project("{FAE04EC0-301F-11D3-BF4B-00C04F79EFBC}") = "TextMatchUnitTests", "TextMatchUnitTests\TextMatchUnitTests.csproj", "{D14D7950-C085-46A5-A3F9-C71B70EEBBD2}"
EndProject
Global
	GlobalSection(SolutionConfigurationPlatforms) = preSolution
		Debug|Any CPU = Debug|Any CPU
		Release|Any CPU = Release|Any CPU
	EndGlobalSection
	GlobalSection(ProjectConfigurationPlatforms) = postSolution
		{7AAC1F30-34B7-49EF-8DE6-4C75420FA505}.Debug|Any CPU.ActiveCfg = Debug|Any CPU
		{7AAC1F30-34B7-49EF-8DE6-4C75420FA505}.Debug|Any CPU.Build.0 = Debug|Any CPU
		{7AAC1F30-34B7-49EF-8DE6-4C75420FA505}.Release|Any CPU.ActiveCfg = Release|Any CPU
		{7AAC1F30-34B7-49EF-8DE6-4C75420FA505}.Release|Any CPU.Build.0 = Release|Any CPU
		{D14D7950-C085-46A5-A3F9-C71B70EEBBD2}.Debug|Any CPU.ActiveCfg = Debug|Any CPU
		{D14D7950-C085-46A5-A3F9-C71B70EEBBD2}.Debug|Any CPU.Build.0 = Debug|Any CPU
		{D14D7950-C085-46A5-A3F9-C71B70EEBBD2}.Release|Any CPU.ActiveCfg = Release|Any CPU
		{D14D7950-C085-46A5-A3F9-C71B70EEBBD2}.Release|Any CPU.Build.0 = Release|Any CPU
	EndGlobalSection
	GlobalSection(SolutionProperties) = preSolution
		HideSolutionNode = FALSE
	EndGlobalSection
	GlobalSection(ExtensibilityGlobals) = postSolution
		SolutionGuid = {62B4E605-258D-4B1C-8988-E463B9DFE01F}
	EndGlobalSection
EndGlobal
